
Microsoft Visual Studio Solution File, Format Version 12.00
# Visual Studio Version 16
VisualStudioVersion = 16.0.29519.87
MinimumVisualStudioVersion = 10.0.40219.1
Project("{FAE04EC0-301F-11D3-BF4B-00C04F79EFBC}") = "EASY-08-BinarySearch", "EASY-08-BinarySearch\EASY-08-BinarySearch.csproj", "{61FC670C-DFB1-4625-A215-2E6EFB78A933}"
EndProject
Global
	GlobalSection(SolutionConfigurationPlatforms) = preSolution
		Debug|Any CPU = Debug|Any CPU
		Release|Any CPU = Release|Any CPU
	EndGlobalSection
	GlobalSection(ProjectConfigurationPlatforms) = postSolution
		{61FC670C-DFB1-4625-A215-2E6EFB78A933}.Debug|Any CPU.ActiveCfg = Debug|Any CPU
		{61FC670C-DFB1-4625-A215-2E6EFB78A933}.Debug|Any CPU.Build.0 = Debug|Any CPU
		{61FC670C-DFB1-4625-A215-2E6EFB78A933}.Release|Any CPU.ActiveCfg = Release|Any CPU
		{61FC670C-DFB1-4625-A215-2E6EFB78A933}.Release|Any CPU.Build.0 = Release|Any CPU
	EndGlobalSection
	GlobalSection(SolutionProperties) = preSolution
		HideSolutionNode = FALSE
	EndGlobalSection
	GlobalSection(ExtensibilityGlobals) = postSolution
		SolutionGuid = {F004E315-5749-47C0-8690-A7E95915A2AD}
	EndGlobalSection
EndGlobal
