
Microsoft Visual Studio Solution File, Format Version 12.00
# Visual Studio Version 16
VisualStudioVersion = 16.0.29519.87
MinimumVisualStudioVersion = 10.0.40219.1
Project("{FAE04EC0-301F-11D3-BF4B-00C04F79EFBC}") = "EASY-04-DepthFirstSearch", "EASY-04-DepthFirstSearch\EASY-04-DepthFirstSearch.csproj", "{A39DCC03-691D-4D61-8E3F-9012832E45D4}"
EndProject
Global
	GlobalSection(SolutionConfigurationPlatforms) = preSolution
		Debug|Any CPU = Debug|Any CPU
		Release|Any CPU = Release|Any CPU
	EndGlobalSection
	GlobalSection(ProjectConfigurationPlatforms) = postSolution
		{A39DCC03-691D-4D61-8E3F-9012832E45D4}.Debug|Any CPU.ActiveCfg = Debug|Any CPU
		{A39DCC03-691D-4D61-8E3F-9012832E45D4}.Debug|Any CPU.Build.0 = Debug|Any CPU
		{A39DCC03-691D-4D61-8E3F-9012832E45D4}.Release|Any CPU.ActiveCfg = Release|Any CPU
		{A39DCC03-691D-4D61-8E3F-9012832E45D4}.Release|Any CPU.Build.0 = Release|Any CPU
	EndGlobalSection
	GlobalSection(SolutionProperties) = preSolution
		HideSolutionNode = FALSE
	EndGlobalSection
	GlobalSection(ExtensibilityGlobals) = postSolution
		SolutionGuid = {28CDE7F1-1BD9-4C0A-B39D-0757C93A7B9C}
	EndGlobalSection
EndGlobal
