
Microsoft Visual Studio Solution File, Format Version 12.00
# Visual Studio Version 16
VisualStudioVersion = 16.0.29519.87
MinimumVisualStudioVersion = 10.0.40219.1
Project("{FAE04EC0-301F-11D3-BF4B-00C04F79EFBC}") = "EASY-07-ProductSum", "EASY-07-ProductSum\EASY-07-ProductSum.csproj", "{A0E58F81-9E75-4956-B447-D2E8B5CA6902}"
EndProject
Global
	GlobalSection(SolutionConfigurationPlatforms) = preSolution
		Debug|Any CPU = Debug|Any CPU
		Release|Any CPU = Release|Any CPU
	EndGlobalSection
	GlobalSection(ProjectConfigurationPlatforms) = postSolution
		{A0E58F81-9E75-4956-B447-D2E8B5CA6902}.Debug|Any CPU.ActiveCfg = Debug|Any CPU
		{A0E58F81-9E75-4956-B447-D2E8B5CA6902}.Debug|Any CPU.Build.0 = Debug|Any CPU
		{A0E58F81-9E75-4956-B447-D2E8B5CA6902}.Release|Any CPU.ActiveCfg = Release|Any CPU
		{A0E58F81-9E75-4956-B447-D2E8B5CA6902}.Release|Any CPU.Build.0 = Release|Any CPU
	EndGlobalSection
	GlobalSection(SolutionProperties) = preSolution
		HideSolutionNode = FALSE
	EndGlobalSection
	GlobalSection(ExtensibilityGlobals) = postSolution
		SolutionGuid = {EF5C6261-B2A0-4C70-ACA9-B20F3B441470}
	EndGlobalSection
EndGlobal
